
Microsoft Visual Studio Solution File, Format Version 12.00
# Visual Studio Version 17
VisualStudioVersion = 17.10.34916.146
MinimumVisualStudioVersion = 10.0.40219.1
Project("{9A19103F-16F7-4668-BE54-9A1E7A4F7556}") = "Server", "Server\Server.csproj", "{286DF773-02C5-4A62-92A5-0174C1E1B16A}"
EndProject
Project("{9A19103F-16F7-4668-BE54-9A1E7A4F7556}") = "Client", "Client\Client.csproj", "{A0977F60-9560-4823-A9BB-615CD82B96DC}"
EndProject
Project("{9A19103F-16F7-4668-BE54-9A1E7A4F7556}") = "ServerTests", "ServerTests\ServerTests.csproj", "{8628592E-9B94-4E23-A2D4-3DC9435BC08A}"
EndProject
Project("{FAE04EC0-301F-11D3-BF4B-00C04F79EFBC}") = "ClientTests", "ClientTests\ClientTests.csproj", "{53F6D110-3938-44DF-A601-A5D079F55CCD}"
EndProject
Global
	GlobalSection(SolutionConfigurationPlatforms) = preSolution
		Debug|Any CPU = Debug|Any CPU
		Release|Any CPU = Release|Any CPU
	EndGlobalSection
	GlobalSection(ProjectConfigurationPlatforms) = postSolution
		{286DF773-02C5-4A62-92A5-0174C1E1B16A}.Debug|Any CPU.ActiveCfg = Debug|Any CPU
		{286DF773-02C5-4A62-92A5-0174C1E1B16A}.Debug|Any CPU.Build.0 = Debug|Any CPU
		{286DF773-02C5-4A62-92A5-0174C1E1B16A}.Release|Any CPU.ActiveCfg = Release|Any CPU
		{286DF773-02C5-4A62-92A5-0174C1E1B16A}.Release|Any CPU.Build.0 = Release|Any CPU
		{A0977F60-9560-4823-A9BB-615CD82B96DC}.Debug|Any CPU.ActiveCfg = Debug|Any CPU
		{A0977F60-9560-4823-A9BB-615CD82B96DC}.Debug|Any CPU.Build.0 = Debug|Any CPU
		{A0977F60-9560-4823-A9BB-615CD82B96DC}.Release|Any CPU.ActiveCfg = Release|Any CPU
		{A0977F60-9560-4823-A9BB-615CD82B96DC}.Release|Any CPU.Build.0 = Release|Any CPU
		{8628592E-9B94-4E23-A2D4-3DC9435BC08A}.Debug|Any CPU.ActiveCfg = Debug|Any CPU
		{8628592E-9B94-4E23-A2D4-3DC9435BC08A}.Debug|Any CPU.Build.0 = Debug|Any CPU
		{8628592E-9B94-4E23-A2D4-3DC9435BC08A}.Release|Any CPU.ActiveCfg = Release|Any CPU
		{8628592E-9B94-4E23-A2D4-3DC9435BC08A}.Release|Any CPU.Build.0 = Release|Any CPU
		{53F6D110-3938-44DF-A601-A5D079F55CCD}.Debug|Any CPU.ActiveCfg = Debug|Any CPU
		{53F6D110-3938-44DF-A601-A5D079F55CCD}.Debug|Any CPU.Build.0 = Debug|Any CPU
		{53F6D110-3938-44DF-A601-A5D079F55CCD}.Release|Any CPU.ActiveCfg = Release|Any CPU
		{53F6D110-3938-44DF-A601-A5D079F55CCD}.Release|Any CPU.Build.0 = Release|Any CPU
	EndGlobalSection
	GlobalSection(SolutionProperties) = preSolution
		HideSolutionNode = FALSE
	EndGlobalSection
	GlobalSection(ExtensibilityGlobals) = postSolution
		SolutionGuid = {9414A6B9-D925-4C67-9CB2-216D98BCC23E}
	EndGlobalSection
EndGlobal
